// !$*UTF8*$!
{
	archiveVersion = 1;
	classes = {
	};
	objectVersion = 51;
	objects = {

/* Begin PBXBuildFile section */
		02929B264842110688A2D375 /* Pods_Foreign_languages_Heads_Up.framework in Frameworks */ = {isa = PBXBuildFile; fileRef = B9F8674F87B472CE682E14E3 /* Pods_Foreign_languages_Heads_Up.framework */; };
		56A37A1725E59D0000145364 /* AppDelegate.swift in Sources */ = {isa = PBXBuildFile; fileRef = 56A37A1625E59D0000145364 /* AppDelegate.swift */; };
		56A37A1925E59D0000145364 /* SceneDelegate.swift in Sources */ = {isa = PBXBuildFile; fileRef = 56A37A1825E59D0000145364 /* SceneDelegate.swift */; };
		56A37A1B25E59D0000145364 /* ViewController.swift in Sources */ = {isa = PBXBuildFile; fileRef = 56A37A1A25E59D0000145364 /* ViewController.swift */; };
		56A37A1E25E59D0000145364 /* Main.storyboard in Resources */ = {isa = PBXBuildFile; fileRef = 56A37A1C25E59D0000145364 /* Main.storyboard */; };
		56A37A2125E59D0000145364 /* Foreign_languages_Heads_Up.xcdatamodeld in Sources */ = {isa = PBXBuildFile; fileRef = 56A37A1F25E59D0000145364 /* Foreign_languages_Heads_Up.xcdatamodeld */; };
		56A37A2325E59D0200145364 /* Assets.xcassets in Resources */ = {isa = PBXBuildFile; fileRef = 56A37A2225E59D0200145364 /* Assets.xcassets */; };
		56A37A2625E59D0200145364 /* LaunchScreen.storyboard in Resources */ = {isa = PBXBuildFile; fileRef = 56A37A2425E59D0200145364 /* LaunchScreen.storyboard */; };
		56A37A3125E59D0300145364 /* Foreign_languages_Heads_UpTests.swift in Sources */ = {isa = PBXBuildFile; fileRef = 56A37A3025E59D0300145364 /* Foreign_languages_Heads_UpTests.swift */; };
		56A37A3C25E59D0300145364 /* Foreign_languages_Heads_UpUITests.swift in Sources */ = {isa = PBXBuildFile; fileRef = 56A37A3B25E59D0300145364 /* Foreign_languages_Heads_UpUITests.swift */; };
		CC92E80725F185CF00805EAD /* GoogleService-Info.plist in Resources */ = {isa = PBXBuildFile; fileRef = CC92E80625F185CF00805EAD /* GoogleService-Info.plist */; };
		E83617B542C5EB4143961F61 /* Pods_Foreign_languages_Heads_Up_Foreign_languages_Heads_UpUITests.framework in Frameworks */ = {isa = PBXBuildFile; fileRef = CA1F8D1F02B430669ABEA3C2 /* Pods_Foreign_languages_Heads_Up_Foreign_languages_Heads_UpUITests.framework */; };
		F571810BA2A87437106A913F /* Pods_Foreign_languages_Heads_UpTests.framework in Frameworks */ = {isa = PBXBuildFile; fileRef = 37C0452BEE3A57C8A6D58872 /* Pods_Foreign_languages_Heads_UpTests.framework */; };
		FA47204225E847FA00F4180E /* ViewController2.swift in Sources */ = {isa = PBXBuildFile; fileRef = FA47204125E847FA00F4180E /* ViewController2.swift */; };
		FA47204725E8480A00F4180E /* ViewController3.swift in Sources */ = {isa = PBXBuildFile; fileRef = FA47204625E8480A00F4180E /* ViewController3.swift */; };
		FA47204C25E8482500F4180E /* ViewController4.swift in Sources */ = {isa = PBXBuildFile; fileRef = FA47204B25E8482500F4180E /* ViewController4.swift */; };
		FA47205125E8483800F4180E /* ViewController5.swift in Sources */ = {isa = PBXBuildFile; fileRef = FA47205025E8483800F4180E /* ViewController5.swift */; };
		FA47205625E848AA00F4180E /* ViewController6.swift in Sources */ = {isa = PBXBuildFile; fileRef = FA47205525E848AA00F4180E /* ViewController6.swift */; };
/* End PBXBuildFile section */

/* Begin PBXContainerItemProxy section */
		56A37A2D25E59D0300145364 /* PBXContainerItemProxy */ = {
			isa = PBXContainerItemProxy;
			containerPortal = 56A37A0B25E59D0000145364 /* Project object */;
			proxyType = 1;
			remoteGlobalIDString = 56A37A1225E59D0000145364;
			remoteInfo = "Foreign-languages-Heads-Up";
		};
		56A37A3825E59D0300145364 /* PBXContainerItemProxy */ = {
			isa = PBXContainerItemProxy;
			containerPortal = 56A37A0B25E59D0000145364 /* Project object */;
			proxyType = 1;
			remoteGlobalIDString = 56A37A1225E59D0000145364;
			remoteInfo = "Foreign-languages-Heads-Up";
		};
/* End PBXContainerItemProxy section */

/* Begin PBXFileReference section */
		027842D2043C3E44948E5C7C /* Pods-Foreign-languages-Heads-Up.release.xcconfig */ = {isa = PBXFileReference; includeInIndex = 1; lastKnownFileType = text.xcconfig; name = "Pods-Foreign-languages-Heads-Up.release.xcconfig"; path = "Target Support Files/Pods-Foreign-languages-Heads-Up/Pods-Foreign-languages-Heads-Up.release.xcconfig"; sourceTree = "<group>"; };
		37C0452BEE3A57C8A6D58872 /* Pods_Foreign_languages_Heads_UpTests.framework */ = {isa = PBXFileReference; explicitFileType = wrapper.framework; includeInIndex = 0; path = Pods_Foreign_languages_Heads_UpTests.framework; sourceTree = BUILT_PRODUCTS_DIR; };
		4E75A2F8B66EC29988C5149E /* Pods-Foreign-languages-Heads-UpTests.debug.xcconfig */ = {isa = PBXFileReference; includeInIndex = 1; lastKnownFileType = text.xcconfig; name = "Pods-Foreign-languages-Heads-UpTests.debug.xcconfig"; path = "Target Support Files/Pods-Foreign-languages-Heads-UpTests/Pods-Foreign-languages-Heads-UpTests.debug.xcconfig"; sourceTree = "<group>"; };
		56A37A1325E59D0000145364 /* Foreign-languages-Heads-Up.app */ = {isa = PBXFileReference; explicitFileType = wrapper.application; includeInIndex = 0; path = "Foreign-languages-Heads-Up.app"; sourceTree = BUILT_PRODUCTS_DIR; };
		56A37A1625E59D0000145364 /* AppDelegate.swift */ = {isa = PBXFileReference; lastKnownFileType = sourcecode.swift; path = AppDelegate.swift; sourceTree = "<group>"; };
		56A37A1825E59D0000145364 /* SceneDelegate.swift */ = {isa = PBXFileReference; lastKnownFileType = sourcecode.swift; path = SceneDelegate.swift; sourceTree = "<group>"; };
		56A37A1A25E59D0000145364 /* ViewController.swift */ = {isa = PBXFileReference; lastKnownFileType = sourcecode.swift; path = ViewController.swift; sourceTree = "<group>"; };
		56A37A1D25E59D0000145364 /* Base */ = {isa = PBXFileReference; lastKnownFileType = file.storyboard; name = Base; path = Base.lproj/Main.storyboard; sourceTree = "<group>"; };
		56A37A2025E59D0000145364 /* Foreign_languages_Heads_Up.xcdatamodel */ = {isa = PBXFileReference; lastKnownFileType = wrapper.xcdatamodel; path = Foreign_languages_Heads_Up.xcdatamodel; sourceTree = "<group>"; };
		56A37A2225E59D0200145364 /* Assets.xcassets */ = {isa = PBXFileReference; lastKnownFileType = folder.assetcatalog; path = Assets.xcassets; sourceTree = "<group>"; };
		56A37A2525E59D0200145364 /* Base */ = {isa = PBXFileReference; lastKnownFileType = file.storyboard; name = Base; path = Base.lproj/LaunchScreen.storyboard; sourceTree = "<group>"; };
		56A37A2725E59D0200145364 /* Info.plist */ = {isa = PBXFileReference; lastKnownFileType = text.plist.xml; path = Info.plist; sourceTree = "<group>"; };
		56A37A2C25E59D0300145364 /* Foreign-languages-Heads-UpTests.xctest */ = {isa = PBXFileReference; explicitFileType = wrapper.cfbundle; includeInIndex = 0; path = "Foreign-languages-Heads-UpTests.xctest"; sourceTree = BUILT_PRODUCTS_DIR; };
		56A37A3025E59D0300145364 /* Foreign_languages_Heads_UpTests.swift */ = {isa = PBXFileReference; lastKnownFileType = sourcecode.swift; path = Foreign_languages_Heads_UpTests.swift; sourceTree = "<group>"; };
		56A37A3225E59D0300145364 /* Info.plist */ = {isa = PBXFileReference; lastKnownFileType = text.plist.xml; path = Info.plist; sourceTree = "<group>"; };
		56A37A3725E59D0300145364 /* Foreign-languages-Heads-UpUITests.xctest */ = {isa = PBXFileReference; explicitFileType = wrapper.cfbundle; includeInIndex = 0; path = "Foreign-languages-Heads-UpUITests.xctest"; sourceTree = BUILT_PRODUCTS_DIR; };
		56A37A3B25E59D0300145364 /* Foreign_languages_Heads_UpUITests.swift */ = {isa = PBXFileReference; lastKnownFileType = sourcecode.swift; path = Foreign_languages_Heads_UpUITests.swift; sourceTree = "<group>"; };
		56A37A3D25E59D0300145364 /* Info.plist */ = {isa = PBXFileReference; lastKnownFileType = text.plist.xml; path = Info.plist; sourceTree = "<group>"; };
		B075A1557A6838DB571FCF2C /* Pods-Foreign-languages-Heads-Up.debug.xcconfig */ = {isa = PBXFileReference; includeInIndex = 1; lastKnownFileType = text.xcconfig; name = "Pods-Foreign-languages-Heads-Up.debug.xcconfig"; path = "Target Support Files/Pods-Foreign-languages-Heads-Up/Pods-Foreign-languages-Heads-Up.debug.xcconfig"; sourceTree = "<group>"; };
		B9F8674F87B472CE682E14E3 /* Pods_Foreign_languages_Heads_Up.framework */ = {isa = PBXFileReference; explicitFileType = wrapper.framework; includeInIndex = 0; path = Pods_Foreign_languages_Heads_Up.framework; sourceTree = BUILT_PRODUCTS_DIR; };
		CA1F8D1F02B430669ABEA3C2 /* Pods_Foreign_languages_Heads_Up_Foreign_languages_Heads_UpUITests.framework */ = {isa = PBXFileReference; explicitFileType = wrapper.framework; includeInIndex = 0; path = Pods_Foreign_languages_Heads_Up_Foreign_languages_Heads_UpUITests.framework; sourceTree = BUILT_PRODUCTS_DIR; };
		CC92E80625F185CF00805EAD /* GoogleService-Info.plist */ = {isa = PBXFileReference; fileEncoding = 4; lastKnownFileType = text.plist.xml; name = "GoogleService-Info.plist"; path = "../../../Downloads/GoogleService-Info.plist"; sourceTree = "<group>"; };
		CDE393D510B84570ACD05AD9 /* Pods-Foreign-languages-Heads-Up-Foreign-languages-Heads-UpUITests.release.xcconfig */ = {isa = PBXFileReference; includeInIndex = 1; lastKnownFileType = text.xcconfig; name = "Pods-Foreign-languages-Heads-Up-Foreign-languages-Heads-UpUITests.release.xcconfig"; path = "Target Support Files/Pods-Foreign-languages-Heads-Up-Foreign-languages-Heads-UpUITests/Pods-Foreign-languages-Heads-Up-Foreign-languages-Heads-UpUITests.release.xcconfig"; sourceTree = "<group>"; };
		DA800A3775B123245BC4681A /* Pods-Foreign-languages-Heads-Up-Foreign-languages-Heads-UpUITests.debug.xcconfig */ = {isa = PBXFileReference; includeInIndex = 1; lastKnownFileType = text.xcconfig; name = "Pods-Foreign-languages-Heads-Up-Foreign-languages-Heads-UpUITests.debug.xcconfig"; path = "Target Support Files/Pods-Foreign-languages-Heads-Up-Foreign-languages-Heads-UpUITests/Pods-Foreign-languages-Heads-Up-Foreign-languages-Heads-UpUITests.debug.xcconfig"; sourceTree = "<group>"; };
		DD39C648913E0B2B27940A7D /* Pods-Foreign-languages-Heads-UpTests.release.xcconfig */ = {isa = PBXFileReference; includeInIndex = 1; lastKnownFileType = text.xcconfig; name = "Pods-Foreign-languages-Heads-UpTests.release.xcconfig"; path = "Target Support Files/Pods-Foreign-languages-Heads-UpTests/Pods-Foreign-languages-Heads-UpTests.release.xcconfig"; sourceTree = "<group>"; };
		FA47204125E847FA00F4180E /* ViewController2.swift */ = {isa = PBXFileReference; lastKnownFileType = sourcecode.swift; path = ViewController2.swift; sourceTree = "<group>"; };
		FA47204625E8480A00F4180E /* ViewController3.swift */ = {isa = PBXFileReference; lastKnownFileType = sourcecode.swift; path = ViewController3.swift; sourceTree = "<group>"; };
		FA47204B25E8482500F4180E /* ViewController4.swift */ = {isa = PBXFileReference; lastKnownFileType = sourcecode.swift; path = ViewController4.swift; sourceTree = "<group>"; };
		FA47205025E8483800F4180E /* ViewController5.swift */ = {isa = PBXFileReference; lastKnownFileType = sourcecode.swift; path = ViewController5.swift; sourceTree = "<group>"; };
		FA47205525E848AA00F4180E /* ViewController6.swift */ = {isa = PBXFileReference; lastKnownFileType = sourcecode.swift; path = ViewController6.swift; sourceTree = "<group>"; };
/* End PBXFileReference section */

/* Begin PBXFrameworksBuildPhase section */
		56A37A1025E59D0000145364 /* Frameworks */ = {
			isa = PBXFrameworksBuildPhase;
			buildActionMask = 2147483647;
			files = (
				02929B264842110688A2D375 /* Pods_Foreign_languages_Heads_Up.framework in Frameworks */,
			);
			runOnlyForDeploymentPostprocessing = 0;
		};
		56A37A2925E59D0300145364 /* Frameworks */ = {
			isa = PBXFrameworksBuildPhase;
			buildActionMask = 2147483647;
			files = (
				F571810BA2A87437106A913F /* Pods_Foreign_languages_Heads_UpTests.framework in Frameworks */,
			);
			runOnlyForDeploymentPostprocessing = 0;
		};
		56A37A3425E59D0300145364 /* Frameworks */ = {
			isa = PBXFrameworksBuildPhase;
			buildActionMask = 2147483647;
			files = (
				E83617B542C5EB4143961F61 /* Pods_Foreign_languages_Heads_Up_Foreign_languages_Heads_UpUITests.framework in Frameworks */,
			);
			runOnlyForDeploymentPostprocessing = 0;
		};
/* End PBXFrameworksBuildPhase section */

/* Begin PBXGroup section */
		492606206994ADBC00D014C9 /* Pods */ = {
			isa = PBXGroup;
			children = (
				B075A1557A6838DB571FCF2C /* Pods-Foreign-languages-Heads-Up.debug.xcconfig */,
				027842D2043C3E44948E5C7C /* Pods-Foreign-languages-Heads-Up.release.xcconfig */,
				DA800A3775B123245BC4681A /* Pods-Foreign-languages-Heads-Up-Foreign-languages-Heads-UpUITests.debug.xcconfig */,
				CDE393D510B84570ACD05AD9 /* Pods-Foreign-languages-Heads-Up-Foreign-languages-Heads-UpUITests.release.xcconfig */,
				4E75A2F8B66EC29988C5149E /* Pods-Foreign-languages-Heads-UpTests.debug.xcconfig */,
				DD39C648913E0B2B27940A7D /* Pods-Foreign-languages-Heads-UpTests.release.xcconfig */,
			);
			path = Pods;
			sourceTree = "<group>";
		};
		56A37A0A25E59D0000145364 = {
			isa = PBXGroup;
			children = (
				56A37A1525E59D0000145364 /* Foreign-languages-Heads-Up */,
				56A37A2F25E59D0300145364 /* Foreign-languages-Heads-UpTests */,
				56A37A3A25E59D0300145364 /* Foreign-languages-Heads-UpUITests */,
				56A37A1425E59D0000145364 /* Products */,
				492606206994ADBC00D014C9 /* Pods */,
				814E10685A16F9E5965091E8 /* Frameworks */,
			);
			sourceTree = "<group>";
		};
		56A37A1425E59D0000145364 /* Products */ = {
			isa = PBXGroup;
			children = (
				56A37A1325E59D0000145364 /* Foreign-languages-Heads-Up.app */,
				56A37A2C25E59D0300145364 /* Foreign-languages-Heads-UpTests.xctest */,
				56A37A3725E59D0300145364 /* Foreign-languages-Heads-UpUITests.xctest */,
			);
			name = Products;
			sourceTree = "<group>";
		};
		56A37A1525E59D0000145364 /* Foreign-languages-Heads-Up */ = {
			isa = PBXGroup;
			children = (
				56A37A1625E59D0000145364 /* AppDelegate.swift */,
				56A37A1825E59D0000145364 /* SceneDelegate.swift */,
				56A37A1A25E59D0000145364 /* ViewController.swift */,
				FA47204125E847FA00F4180E /* ViewController2.swift */,
				FA47204625E8480A00F4180E /* ViewController3.swift */,
				FA47204B25E8482500F4180E /* ViewController4.swift */,
				FA47205025E8483800F4180E /* ViewController5.swift */,
				56A37A1C25E59D0000145364 /* Main.storyboard */,
				FA47205525E848AA00F4180E /* ViewController6.swift */,
				56A37A2225E59D0200145364 /* Assets.xcassets */,
				56A37A2425E59D0200145364 /* LaunchScreen.storyboard */,
				56A37A2725E59D0200145364 /* Info.plist */,
				CC92E80625F185CF00805EAD /* GoogleService-Info.plist */,
				56A37A1F25E59D0000145364 /* Foreign_languages_Heads_Up.xcdatamodeld */,
			);
			path = "Foreign-languages-Heads-Up";
			sourceTree = "<group>";
		};
		56A37A2F25E59D0300145364 /* Foreign-languages-Heads-UpTests */ = {
			isa = PBXGroup;
			children = (
				56A37A3025E59D0300145364 /* Foreign_languages_Heads_UpTests.swift */,
				56A37A3225E59D0300145364 /* Info.plist */,
			);
			path = "Foreign-languages-Heads-UpTests";
			sourceTree = "<group>";
		};
		56A37A3A25E59D0300145364 /* Foreign-languages-Heads-UpUITests */ = {
			isa = PBXGroup;
			children = (
				56A37A3B25E59D0300145364 /* Foreign_languages_Heads_UpUITests.swift */,
				56A37A3D25E59D0300145364 /* Info.plist */,
			);
			path = "Foreign-languages-Heads-UpUITests";
			sourceTree = "<group>";
		};
		814E10685A16F9E5965091E8 /* Frameworks */ = {
			isa = PBXGroup;
			children = (
				B9F8674F87B472CE682E14E3 /* Pods_Foreign_languages_Heads_Up.framework */,
				CA1F8D1F02B430669ABEA3C2 /* Pods_Foreign_languages_Heads_Up_Foreign_languages_Heads_UpUITests.framework */,
				37C0452BEE3A57C8A6D58872 /* Pods_Foreign_languages_Heads_UpTests.framework */,
			);
			name = Frameworks;
			sourceTree = "<group>";
		};
/* End PBXGroup section */

/* Begin PBXNativeTarget section */
		56A37A1225E59D0000145364 /* Foreign-languages-Heads-Up */ = {
			isa = PBXNativeTarget;
			buildConfigurationList = 56A37A4025E59D0300145364 /* Build configuration list for PBXNativeTarget "Foreign-languages-Heads-Up" */;
			buildPhases = (
				00C7517EE50E06919F59ABA0 /* [CP] Check Pods Manifest.lock */,
				56A37A0F25E59D0000145364 /* Sources */,
				56A37A1025E59D0000145364 /* Frameworks */,
				56A37A1125E59D0000145364 /* Resources */,
				A9C3701FE41654B2BD1C8636 /* [CP] Embed Pods Frameworks */,
			);
			buildRules = (
			);
			dependencies = (
			);
			name = "Foreign-languages-Heads-Up";
			productName = "Foreign-languages-Heads-Up";
			productReference = 56A37A1325E59D0000145364 /* Foreign-languages-Heads-Up.app */;
			productType = "com.apple.product-type.application";
		};
		56A37A2B25E59D0300145364 /* Foreign-languages-Heads-UpTests */ = {
			isa = PBXNativeTarget;
			buildConfigurationList = 56A37A4325E59D0300145364 /* Build configuration list for PBXNativeTarget "Foreign-languages-Heads-UpTests" */;
			buildPhases = (
				04B284A7618714EB97F61825 /* [CP] Check Pods Manifest.lock */,
				56A37A2825E59D0300145364 /* Sources */,
				56A37A2925E59D0300145364 /* Frameworks */,
				56A37A2A25E59D0300145364 /* Resources */,
			);
			buildRules = (
			);
			dependencies = (
				56A37A2E25E59D0300145364 /* PBXTargetDependency */,
			);
			name = "Foreign-languages-Heads-UpTests";
			productName = "Foreign-languages-Heads-UpTests";
			productReference = 56A37A2C25E59D0300145364 /* Foreign-languages-Heads-UpTests.xctest */;
			productType = "com.apple.product-type.bundle.unit-test";
		};
		56A37A3625E59D0300145364 /* Foreign-languages-Heads-UpUITests */ = {
			isa = PBXNativeTarget;
			buildConfigurationList = 56A37A4625E59D0300145364 /* Build configuration list for PBXNativeTarget "Foreign-languages-Heads-UpUITests" */;
			buildPhases = (
				32B1D2973D5B3EE06174A8D3 /* [CP] Check Pods Manifest.lock */,
				56A37A3325E59D0300145364 /* Sources */,
				56A37A3425E59D0300145364 /* Frameworks */,
				56A37A3525E59D0300145364 /* Resources */,
				8DDA6AAE3F2514B458875375 /* [CP] Embed Pods Frameworks */,
			);
			buildRules = (
			);
			dependencies = (
				56A37A3925E59D0300145364 /* PBXTargetDependency */,
			);
			name = "Foreign-languages-Heads-UpUITests";
			productName = "Foreign-languages-Heads-UpUITests";
			productReference = 56A37A3725E59D0300145364 /* Foreign-languages-Heads-UpUITests.xctest */;
			productType = "com.apple.product-type.bundle.ui-testing";
		};
/* End PBXNativeTarget section */

/* Begin PBXProject section */
		56A37A0B25E59D0000145364 /* Project object */ = {
			isa = PBXProject;
			attributes = {
				LastSwiftUpdateCheck = 1130;
				LastUpgradeCheck = 1240;
				ORGANIZATIONNAME = user180891;
				TargetAttributes = {
					56A37A1225E59D0000145364 = {
						CreatedOnToolsVersion = 11.3.1;
					};
					56A37A2B25E59D0300145364 = {
						CreatedOnToolsVersion = 11.3.1;
						TestTargetID = 56A37A1225E59D0000145364;
					};
					56A37A3625E59D0300145364 = {
						CreatedOnToolsVersion = 11.3.1;
						TestTargetID = 56A37A1225E59D0000145364;
					};
				};
			};
			buildConfigurationList = 56A37A0E25E59D0000145364 /* Build configuration list for PBXProject "Foreign-languages-Heads-Up" */;
			compatibilityVersion = "Xcode 9.3";
			developmentRegion = en;
			hasScannedForEncodings = 0;
			knownRegions = (
				en,
				Base,
			);
			mainGroup = 56A37A0A25E59D0000145364;
			productRefGroup = 56A37A1425E59D0000145364 /* Products */;
			projectDirPath = "";
			projectRoot = "";
			targets = (
				56A37A1225E59D0000145364 /* Foreign-languages-Heads-Up */,
				56A37A2B25E59D0300145364 /* Foreign-languages-Heads-UpTests */,
				56A37A3625E59D0300145364 /* Foreign-languages-Heads-UpUITests */,
			);
		};
/* End PBXProject section */

/* Begin PBXResourcesBuildPhase section */
		56A37A1125E59D0000145364 /* Resources */ = {
			isa = PBXResourcesBuildPhase;
			buildActionMask = 2147483647;
			files = (
				56A37A2625E59D0200145364 /* LaunchScreen.storyboard in Resources */,
				CC92E80725F185CF00805EAD /* GoogleService-Info.plist in Resources */,
				56A37A2325E59D0200145364 /* Assets.xcassets in Resources */,
				56A37A1E25E59D0000145364 /* Main.storyboard in Resources */,
			);
			runOnlyForDeploymentPostprocessing = 0;
		};
		56A37A2A25E59D0300145364 /* Resources */ = {
			isa = PBXResourcesBuildPhase;
			buildActionMask = 2147483647;
			files = (
			);
			runOnlyForDeploymentPostprocessing = 0;
		};
		56A37A3525E59D0300145364 /* Resources */ = {
			isa = PBXResourcesBuildPhase;
			buildActionMask = 2147483647;
			files = (
			);
			runOnlyForDeploymentPostprocessing = 0;
		};
/* End PBXResourcesBuildPhase section */

/* Begin PBXShellScriptBuildPhase section */
		00C7517EE50E06919F59ABA0 /* [CP] Check Pods Manifest.lock */ = {
			isa = PBXShellScriptBuildPhase;
			buildActionMask = 2147483647;
			files = (
			);
			inputFileListPaths = (
			);
			inputPaths = (
				"${PODS_PODFILE_DIR_PATH}/Podfile.lock",
				"${PODS_ROOT}/Manifest.lock",
			);
			name = "[CP] Check Pods Manifest.lock";
			outputFileListPaths = (
			);
			outputPaths = (
				"$(DERIVED_FILE_DIR)/Pods-Foreign-languages-Heads-Up-checkManifestLockResult.txt",
			);
			runOnlyForDeploymentPostprocessing = 0;
			shellPath = /bin/sh;
			shellScript = "diff \"${PODS_PODFILE_DIR_PATH}/Podfile.lock\" \"${PODS_ROOT}/Manifest.lock\" > /dev/null\nif [ $? != 0 ] ; then\n    # print error to STDERR\n    echo \"error: The sandbox is not in sync with the Podfile.lock. Run 'pod install' or update your CocoaPods installation.\" >&2\n    exit 1\nfi\n# This output is used by Xcode 'outputs' to avoid re-running this script phase.\necho \"SUCCESS\" > \"${SCRIPT_OUTPUT_FILE_0}\"\n";
			showEnvVarsInLog = 0;
		};
		04B284A7618714EB97F61825 /* [CP] Check Pods Manifest.lock */ = {
			isa = PBXShellScriptBuildPhase;
			buildActionMask = 2147483647;
			files = (
			);
			inputFileListPaths = (
			);
			inputPaths = (
				"${PODS_PODFILE_DIR_PATH}/Podfile.lock",
				"${PODS_ROOT}/Manifest.lock",
			);
			name = "[CP] Check Pods Manifest.lock";
			outputFileListPaths = (
			);
			outputPaths = (
				"$(DERIVED_FILE_DIR)/Pods-Foreign-languages-Heads-UpTests-checkManifestLockResult.txt",
			);
			runOnlyForDeploymentPostprocessing = 0;
			shellPath = /bin/sh;
			shellScript = "diff \"${PODS_PODFILE_DIR_PATH}/Podfile.lock\" \"${PODS_ROOT}/Manifest.lock\" > /dev/null\nif [ $? != 0 ] ; then\n    # print error to STDERR\n    echo \"error: The sandbox is not in sync with the Podfile.lock. Run 'pod install' or update your CocoaPods installation.\" >&2\n    exit 1\nfi\n# This output is used by Xcode 'outputs' to avoid re-running this script phase.\necho \"SUCCESS\" > \"${SCRIPT_OUTPUT_FILE_0}\"\n";
			showEnvVarsInLog = 0;
		};
		32B1D2973D5B3EE06174A8D3 /* [CP] Check Pods Manifest.lock */ = {
			isa = PBXShellScriptBuildPhase;
			buildActionMask = 2147483647;
			files = (
			);
			inputFileListPaths = (
			);
			inputPaths = (
				"${PODS_PODFILE_DIR_PATH}/Podfile.lock",
				"${PODS_ROOT}/Manifest.lock",
			);
			name = "[CP] Check Pods Manifest.lock";
			outputFileListPaths = (
			);
			outputPaths = (
				"$(DERIVED_FILE_DIR)/Pods-Foreign-languages-Heads-Up-Foreign-languages-Heads-UpUITests-checkManifestLockResult.txt",
			);
			runOnlyForDeploymentPostprocessing = 0;
			shellPath = /bin/sh;
			shellScript = "diff \"${PODS_PODFILE_DIR_PATH}/Podfile.lock\" \"${PODS_ROOT}/Manifest.lock\" > /dev/null\nif [ $? != 0 ] ; then\n    # print error to STDERR\n    echo \"error: The sandbox is not in sync with the Podfile.lock. Run 'pod install' or update your CocoaPods installation.\" >&2\n    exit 1\nfi\n# This output is used by Xcode 'outputs' to avoid re-running this script phase.\necho \"SUCCESS\" > \"${SCRIPT_OUTPUT_FILE_0}\"\n";
			showEnvVarsInLog = 0;
		};
		8DDA6AAE3F2514B458875375 /* [CP] Embed Pods Frameworks */ = {
			isa = PBXShellScriptBuildPhase;
			buildActionMask = 2147483647;
			files = (
			);
			inputFileListPaths = (
				"${PODS_ROOT}/Target Support Files/Pods-Foreign-languages-Heads-Up-Foreign-languages-Heads-UpUITests/Pods-Foreign-languages-Heads-Up-Foreign-languages-Heads-UpUITests-frameworks-${CONFIGURATION}-input-files.xcfilelist",
			);
			name = "[CP] Embed Pods Frameworks";
			outputFileListPaths = (
				"${PODS_ROOT}/Target Support Files/Pods-Foreign-languages-Heads-Up-Foreign-languages-Heads-UpUITests/Pods-Foreign-languages-Heads-Up-Foreign-languages-Heads-UpUITests-frameworks-${CONFIGURATION}-output-files.xcfilelist",
			);
			runOnlyForDeploymentPostprocessing = 0;
			shellPath = /bin/sh;
			shellScript = "\"${PODS_ROOT}/Target Support Files/Pods-Foreign-languages-Heads-Up-Foreign-languages-Heads-UpUITests/Pods-Foreign-languages-Heads-Up-Foreign-languages-Heads-UpUITests-frameworks.sh\"\n";
			showEnvVarsInLog = 0;
		};
		A9C3701FE41654B2BD1C8636 /* [CP] Embed Pods Frameworks */ = {
			isa = PBXShellScriptBuildPhase;
			buildActionMask = 2147483647;
			files = (
			);
			inputFileListPaths = (
				"${PODS_ROOT}/Target Support Files/Pods-Foreign-languages-Heads-Up/Pods-Foreign-languages-Heads-Up-frameworks-${CONFIGURATION}-input-files.xcfilelist",
			);
			name = "[CP] Embed Pods Frameworks";
			outputFileListPaths = (
				"${PODS_ROOT}/Target Support Files/Pods-Foreign-languages-Heads-Up/Pods-Foreign-languages-Heads-Up-frameworks-${CONFIGURATION}-output-files.xcfilelist",
			);
			runOnlyForDeploymentPostprocessing = 0;
			shellPath = /bin/sh;
			shellScript = "\"${PODS_ROOT}/Target Support Files/Pods-Foreign-languages-Heads-Up/Pods-Foreign-languages-Heads-Up-frameworks.sh\"\n";
			showEnvVarsInLog = 0;
		};
/* End PBXShellScriptBuildPhase section */

/* Begin PBXSourcesBuildPhase section */
		56A37A0F25E59D0000145364 /* Sources */ = {
			isa = PBXSourcesBuildPhase;
			buildActionMask = 2147483647;
			files = (
				FA47204225E847FA00F4180E /* ViewController2.swift in Sources */,
				FA47204C25E8482500F4180E /* ViewController4.swift in Sources */,
				56A37A1B25E59D0000145364 /* ViewController.swift in Sources */,
				FA47204725E8480A00F4180E /* ViewController3.swift in Sources */,
				FA47205125E8483800F4180E /* ViewController5.swift in Sources */,
				56A37A1725E59D0000145364 /* AppDelegate.swift in Sources */,
				FA47205625E848AA00F4180E /* ViewController6.swift in Sources */,
				56A37A1925E59D0000145364 /* SceneDelegate.swift in Sources */,
				56A37A2125E59D0000145364 /* Foreign_languages_Heads_Up.xcdatamodeld in Sources */,
			);
			runOnlyForDeploymentPostprocessing = 0;
		};
		56A37A2825E59D0300145364 /* Sources */ = {
			isa = PBXSourcesBuildPhase;
			buildActionMask = 2147483647;
			files = (
				56A37A3125E59D0300145364 /* Foreign_languages_Heads_UpTests.swift in Sources */,
			);
			runOnlyForDeploymentPostprocessing = 0;
		};
		56A37A3325E59D0300145364 /* Sources */ = {
			isa = PBXSourcesBuildPhase;
			buildActionMask = 2147483647;
			files = (
				56A37A3C25E59D0300145364 /* Foreign_languages_Heads_UpUITests.swift in Sources */,
			);
			runOnlyForDeploymentPostprocessing = 0;
		};
/* End PBXSourcesBuildPhase section */

/* Begin PBXTargetDependency section */
		56A37A2E25E59D0300145364 /* PBXTargetDependency */ = {
			isa = PBXTargetDependency;
			target = 56A37A1225E59D0000145364 /* Foreign-languages-Heads-Up */;
			targetProxy = 56A37A2D25E59D0300145364 /* PBXContainerItemProxy */;
		};
		56A37A3925E59D0300145364 /* PBXTargetDependency */ = {
			isa = PBXTargetDependency;
			target = 56A37A1225E59D0000145364 /* Foreign-languages-Heads-Up */;
			targetProxy = 56A37A3825E59D0300145364 /* PBXContainerItemProxy */;
		};
/* End PBXTargetDependency section */

/* Begin PBXVariantGroup section */
		56A37A1C25E59D0000145364 /* Main.storyboard */ = {
			isa = PBXVariantGroup;
			children = (
				56A37A1D25E59D0000145364 /* Base */,
			);
			name = Main.storyboard;
			sourceTree = "<group>";
		};
		56A37A2425E59D0200145364 /* LaunchScreen.storyboard */ = {
			isa = PBXVariantGroup;
			children = (
				56A37A2525E59D0200145364 /* Base */,
			);
			name = LaunchScreen.storyboard;
			sourceTree = "<group>";
		};
/* End PBXVariantGroup section */

/* Begin XCBuildConfiguration section */
		56A37A3E25E59D0300145364 /* Debug */ = {
			isa = XCBuildConfiguration;
			buildSettings = {
				ALWAYS_SEARCH_USER_PATHS = NO;
				CLANG_ANALYZER_NONNULL = YES;
				CLANG_ANALYZER_NUMBER_OBJECT_CONVERSION = YES_AGGRESSIVE;
				CLANG_CXX_LANGUAGE_STANDARD = "gnu++14";
				CLANG_CXX_LIBRARY = "libc++";
				CLANG_ENABLE_MODULES = YES;
				CLANG_ENABLE_OBJC_ARC = YES;
				CLANG_ENABLE_OBJC_WEAK = YES;
				CLANG_WARN_BLOCK_CAPTURE_AUTORELEASING = YES;
				CLANG_WARN_BOOL_CONVERSION = YES;
				CLANG_WARN_COMMA = YES;
				CLANG_WARN_CONSTANT_CONVERSION = YES;
				CLANG_WARN_DEPRECATED_OBJC_IMPLEMENTATIONS = YES;
				CLANG_WARN_DIRECT_OBJC_ISA_USAGE = YES_ERROR;
				CLANG_WARN_DOCUMENTATION_COMMENTS = YES;
				CLANG_WARN_EMPTY_BODY = YES;
				CLANG_WARN_ENUM_CONVERSION = YES;
				CLANG_WARN_INFINITE_RECURSION = YES;
				CLANG_WARN_INT_CONVERSION = YES;
				CLANG_WARN_NON_LITERAL_NULL_CONVERSION = YES;
				CLANG_WARN_OBJC_IMPLICIT_RETAIN_SELF = YES;
				CLANG_WARN_OBJC_LITERAL_CONVERSION = YES;
				CLANG_WARN_OBJC_ROOT_CLASS = YES_ERROR;
				CLANG_WARN_QUOTED_INCLUDE_IN_FRAMEWORK_HEADER = YES;
				CLANG_WARN_RANGE_LOOP_ANALYSIS = YES;
				CLANG_WARN_STRICT_PROTOTYPES = YES;
				CLANG_WARN_SUSPICIOUS_MOVE = YES;
				CLANG_WARN_UNGUARDED_AVAILABILITY = YES_AGGRESSIVE;
				CLANG_WARN_UNREACHABLE_CODE = YES;
				CLANG_WARN__DUPLICATE_METHOD_MATCH = YES;
				COPY_PHASE_STRIP = NO;
				DEBUG_INFORMATION_FORMAT = dwarf;
				ENABLE_STRICT_OBJC_MSGSEND = YES;
				ENABLE_TESTABILITY = YES;
				GCC_C_LANGUAGE_STANDARD = gnu11;
				GCC_DYNAMIC_NO_PIC = NO;
				GCC_NO_COMMON_BLOCKS = YES;
				GCC_OPTIMIZATION_LEVEL = 0;
				GCC_PREPROCESSOR_DEFINITIONS = (
					"DEBUG=1",
					"$(inherited)",
				);
				GCC_WARN_64_TO_32_BIT_CONVERSION = YES;
				GCC_WARN_ABOUT_RETURN_TYPE = YES_ERROR;
				GCC_WARN_UNDECLARED_SELECTOR = YES;
				GCC_WARN_UNINITIALIZED_AUTOS = YES_AGGRESSIVE;
				GCC_WARN_UNUSED_FUNCTION = YES;
				GCC_WARN_UNUSED_VARIABLE = YES;
				IPHONEOS_DEPLOYMENT_TARGET = 13.2;
				MTL_ENABLE_DEBUG_INFO = INCLUDE_SOURCE;
				MTL_FAST_MATH = YES;
				ONLY_ACTIVE_ARCH = YES;
				SDKROOT = iphoneos;
				SWIFT_ACTIVE_COMPILATION_CONDITIONS = DEBUG;
				SWIFT_OPTIMIZATION_LEVEL = "-Onone";
			};
			name = Debug;
		};
		56A37A3F25E59D0300145364 /* Release */ = {
			isa = XCBuildConfiguration;
			buildSettings = {
				ALWAYS_SEARCH_USER_PATHS = NO;
				CLANG_ANALYZER_NONNULL = YES;
				CLANG_ANALYZER_NUMBER_OBJECT_CONVERSION = YES_AGGRESSIVE;
				CLANG_CXX_LANGUAGE_STANDARD = "gnu++14";
				CLANG_CXX_LIBRARY = "libc++";
				CLANG_ENABLE_MODULES = YES;
				CLANG_ENABLE_OBJC_ARC = YES;
				CLANG_ENABLE_OBJC_WEAK = YES;
				CLANG_WARN_BLOCK_CAPTURE_AUTORELEASING = YES;
				CLANG_WARN_BOOL_CONVERSION = YES;
				CLANG_WARN_COMMA = YES;
				CLANG_WARN_CONSTANT_CONVERSION = YES;
				CLANG_WARN_DEPRECATED_OBJC_IMPLEMENTATIONS = YES;
				CLANG_WARN_DIRECT_OBJC_ISA_USAGE = YES_ERROR;
				CLANG_WARN_DOCUMENTATION_COMMENTS = YES;
				CLANG_WARN_EMPTY_BODY = YES;
				CLANG_WARN_ENUM_CONVERSION = YES;
				CLANG_WARN_INFINITE_RECURSION = YES;
				CLANG_WARN_INT_CONVERSION = YES;
				CLANG_WARN_NON_LITERAL_NULL_CONVERSION = YES;
				CLANG_WARN_OBJC_IMPLICIT_RETAIN_SELF = YES;
				CLANG_WARN_OBJC_LITERAL_CONVERSION = YES;
				CLANG_WARN_OBJC_ROOT_CLASS = YES_ERROR;
				CLANG_WARN_QUOTED_INCLUDE_IN_FRAMEWORK_HEADER = YES;
				CLANG_WARN_RANGE_LOOP_ANALYSIS = YES;
				CLANG_WARN_STRICT_PROTOTYPES = YES;
				CLANG_WARN_SUSPICIOUS_MOVE = YES;
				CLANG_WARN_UNGUARDED_AVAILABILITY = YES_AGGRESSIVE;
				CLANG_WARN_UNREACHABLE_CODE = YES;
				CLANG_WARN__DUPLICATE_METHOD_MATCH = YES;
				COPY_PHASE_STRIP = NO;
				DEBUG_INFORMATION_FORMAT = "dwarf-with-dsym";
				ENABLE_NS_ASSERTIONS = NO;
				ENABLE_STRICT_OBJC_MSGSEND = YES;
				GCC_C_LANGUAGE_STANDARD = gnu11;
				GCC_NO_COMMON_BLOCKS = YES;
				GCC_WARN_64_TO_32_BIT_CONVERSION = YES;
				GCC_WARN_ABOUT_RETURN_TYPE = YES_ERROR;
				GCC_WARN_UNDECLARED_SELECTOR = YES;
				GCC_WARN_UNINITIALIZED_AUTOS = YES_AGGRESSIVE;
				GCC_WARN_UNUSED_FUNCTION = YES;
				GCC_WARN_UNUSED_VARIABLE = YES;
				IPHONEOS_DEPLOYMENT_TARGET = 13.2;
				MTL_ENABLE_DEBUG_INFO = NO;
				MTL_FAST_MATH = YES;
				SDKROOT = iphoneos;
				SWIFT_COMPILATION_MODE = wholemodule;
				SWIFT_OPTIMIZATION_LEVEL = "-O";
				VALIDATE_PRODUCT = YES;
			};
			name = Release;
		};
		56A37A4125E59D0300145364 /* Debug */ = {
			isa = XCBuildConfiguration;
			baseConfigurationReference = B075A1557A6838DB571FCF2C /* Pods-Foreign-languages-Heads-Up.debug.xcconfig */;
			buildSettings = {
				ASSETCATALOG_COMPILER_APPICON_NAME = AppIcon;
				CODE_SIGN_STYLE = Automatic;
				DEVELOPMENT_TEAM = FHKS28FRB9;
				INFOPLIST_FILE = "Foreign-languages-Heads-Up/Info.plist";
				LD_RUNPATH_SEARCH_PATHS = (
					"$(inherited)",
					"@executable_path/Frameworks",
				);
				PRODUCT_BUNDLE_IDENTIFIER = "org.d214.623176.Foreign-languages-Heads-Up";
				PRODUCT_NAME = "$(TARGET_NAME)";
				SWIFT_VERSION = 5.0;
				TARGETED_DEVICE_FAMILY = "1,2";
			};
			name = Debug;
		};
		56A37A4225E59D0300145364 /* Release */ = {
			isa = XCBuildConfiguration;
			baseConfigurationReference = 027842D2043C3E44948E5C7C /* Pods-Foreign-languages-Heads-Up.release.xcconfig */;
			buildSettings = {
				ASSETCATALOG_COMPILER_APPICON_NAME = AppIcon;
				CODE_SIGN_STYLE = Automatic;
				DEVELOPMENT_TEAM = FHKS28FRB9;
				INFOPLIST_FILE = "Foreign-languages-Heads-Up/Info.plist";
				LD_RUNPATH_SEARCH_PATHS = (
					"$(inherited)",
					"@executable_path/Frameworks",
				);
				PRODUCT_BUNDLE_IDENTIFIER = "org.d214.623176.Foreign-languages-Heads-Up";
				PRODUCT_NAME = "$(TARGET_NAME)";
				SWIFT_VERSION = 5.0;
				TARGETED_DEVICE_FAMILY = "1,2";
			};
			name = Release;
		};
		56A37A4425E59D0300145364 /* Debug */ = {
			isa = XCBuildConfiguration;
			baseConfigurationReference = 4E75A2F8B66EC29988C5149E /* Pods-Foreign-languages-Heads-UpTests.debug.xcconfig */;
			buildSettings = {
				ALWAYS_EMBED_SWIFT_STANDARD_LIBRARIES = YES;
				BUNDLE_LOADER = "$(TEST_HOST)";
				CODE_SIGN_STYLE = Automatic;
				DEVELOPMENT_TEAM = FHKS28FRB9;
				INFOPLIST_FILE = "Foreign-languages-Heads-UpTests/Info.plist";
				IPHONEOS_DEPLOYMENT_TARGET = 13.2;
				LD_RUNPATH_SEARCH_PATHS = (
					"$(inherited)",
					"@executable_path/Frameworks",
					"@loader_path/Frameworks",
				);
				PRODUCT_BUNDLE_IDENTIFIER = "org.d214.623176.Foreign-languages-Heads-UpTests";
				PRODUCT_NAME = "$(TARGET_NAME)";
				SWIFT_VERSION = 5.0;
				TARGETED_DEVICE_FAMILY = "1,2";
				TEST_HOST = "$(BUILT_PRODUCTS_DIR)/Foreign-languages-Heads-Up.app/Foreign-languages-Heads-Up";
			};
			name = Debug;
		};
		56A37A4525E59D0300145364 /* Release */ = {
			isa = XCBuildConfiguration;
			baseConfigurationReference = DD39C648913E0B2B27940A7D /* Pods-Foreign-languages-Heads-UpTests.release.xcconfig */;
			buildSettings = {
				ALWAYS_EMBED_SWIFT_STANDARD_LIBRARIES = YES;
				BUNDLE_LOADER = "$(TEST_HOST)";
				CODE_SIGN_STYLE = Automatic;
				DEVELOPMENT_TEAM = FHKS28FRB9;
				INFOPLIST_FILE = "Foreign-languages-Heads-UpTests/Info.plist";
				IPHONEOS_DEPLOYMENT_TARGET = 13.2;
				LD_RUNPATH_SEARCH_PATHS = (
					"$(inherited)",
					"@executable_path/Frameworks",
					"@loader_path/Frameworks",
				);
				PRODUCT_BUNDLE_IDENTIFIER = "org.d214.623176.Foreign-languages-Heads-UpTests";
				PRODUCT_NAME = "$(TARGET_NAME)";
				SWIFT_VERSION = 5.0;
				TARGETED_DEVICE_FAMILY = "1,2";
				TEST_HOST = "$(BUILT_PRODUCTS_DIR)/Foreign-languages-Heads-Up.app/Foreign-languages-Heads-Up";
			};
			name = Release;
		};
		56A37A4725E59D0300145364 /* Debug */ = {
			isa = XCBuildConfiguration;
			baseConfigurationReference = DA800A3775B123245BC4681A /* Pods-Foreign-languages-Heads-Up-Foreign-languages-Heads-UpUITests.debug.xcconfig */;
			buildSettings = {
				ALWAYS_EMBED_SWIFT_STANDARD_LIBRARIES = YES;
				CODE_SIGN_STYLE = Automatic;
				DEVELOPMENT_TEAM = FHKS28FRB9;
				INFOPLIST_FILE = "Foreign-languages-Heads-UpUITests/Info.plist";
				LD_RUNPATH_SEARCH_PATHS = (
					"$(inherited)",
					"@executable_path/Frameworks",
					"@loader_path/Frameworks",
				);
				PRODUCT_BUNDLE_IDENTIFIER = "org.d214.623176.Foreign-languages-Heads-UpUITests";
				PRODUCT_NAME = "$(TARGET_NAME)";
				SWIFT_VERSION = 5.0;
				TARGETED_DEVICE_FAMILY = "1,2";
				TEST_TARGET_NAME = "Foreign-languages-Heads-Up";
			};
			name = Debug;
		};
		56A37A4825E59D0300145364 /* Release */ = {
			isa = XCBuildConfiguration;
			baseConfigurationReference = CDE393D510B84570ACD05AD9 /* Pods-Foreign-languages-Heads-Up-Foreign-languages-Heads-UpUITests.release.xcconfig */;
			buildSettings = {
				ALWAYS_EMBED_SWIFT_STANDARD_LIBRARIES = YES;
				CODE_SIGN_STYLE = Automatic;
				DEVELOPMENT_TEAM = FHKS28FRB9;
				INFOPLIST_FILE = "Foreign-languages-Heads-UpUITests/Info.plist";
				LD_RUNPATH_SEARCH_PATHS = (
					"$(inherited)",
					"@executable_path/Frameworks",
					"@loader_path/Frameworks",
				);
				PRODUCT_BUNDLE_IDENTIFIER = "org.d214.623176.Foreign-languages-Heads-UpUITests";
				PRODUCT_NAME = "$(TARGET_NAME)";
				SWIFT_VERSION = 5.0;
				TARGETED_DEVICE_FAMILY = "1,2";
				TEST_TARGET_NAME = "Foreign-languages-Heads-Up";
			};
			name = Release;
		};
/* End XCBuildConfiguration section */

/* Begin XCConfigurationList section */
		56A37A0E25E59D0000145364 /* Build configuration list for PBXProject "Foreign-languages-Heads-Up" */ = {
			isa = XCConfigurationList;
			buildConfigurations = (
				56A37A3E25E59D0300145364 /* Debug */,
				56A37A3F25E59D0300145364 /* Release */,
			);
			defaultConfigurationIsVisible = 0;
			defaultConfigurationName = Release;
		};
		56A37A4025E59D0300145364 /* Build configuration list for PBXNativeTarget "Foreign-languages-Heads-Up" */ = {
			isa = XCConfigurationList;
			buildConfigurations = (
				56A37A4125E59D0300145364 /* Debug */,
				56A37A4225E59D0300145364 /* Release */,
			);
			defaultConfigurationIsVisible = 0;
			defaultConfigurationName = Release;
		};
		56A37A4325E59D0300145364 /* Build configuration list for PBXNativeTarget "Foreign-languages-Heads-UpTests" */ = {
			isa = XCConfigurationList;
			buildConfigurations = (
				56A37A4425E59D0300145364 /* Debug */,
				56A37A4525E59D0300145364 /* Release */,
			);
			defaultConfigurationIsVisible = 0;
			defaultConfigurationName = Release;
		};
		56A37A4625E59D0300145364 /* Build configuration list for PBXNativeTarget "Foreign-languages-Heads-UpUITests" */ = {
			isa = XCConfigurationList;
			buildConfigurations = (
				56A37A4725E59D0300145364 /* Debug */,
				56A37A4825E59D0300145364 /* Release */,
			);
			defaultConfigurationIsVisible = 0;
			defaultConfigurationName = Release;
		};
/* End XCConfigurationList section */

/* Begin XCVersionGroup section */
		56A37A1F25E59D0000145364 /* Foreign_languages_Heads_Up.xcdatamodeld */ = {
			isa = XCVersionGroup;
			children = (
				56A37A2025E59D0000145364 /* Foreign_languages_Heads_Up.xcdatamodel */,
			);
			currentVersion = 56A37A2025E59D0000145364 /* Foreign_languages_Heads_Up.xcdatamodel */;
			path = Foreign_languages_Heads_Up.xcdatamodeld;
			sourceTree = "<group>";
			versionGroupType = wrapper.xcdatamodel;
		};
/* End XCVersionGroup section */
	};
	rootObject = 56A37A0B25E59D0000145364 /* Project object */;
}
